
Microsoft Visual Studio Solution File, Format Version 12.00
# Visual Studio 15
VisualStudioVersion = 15.0.28307.106
MinimumVisualStudioVersion = 10.0.40219.1
Project("{FAE04EC0-301F-11D3-BF4B-00C04F79EFBC}") = "StrainMenu Creator", "StrainMenu Creator\StrainMenu Creator.csproj", "{5CAC49FC-D39C-4D55-8F41-138B9089775C}"
EndProject
Global
	GlobalSection(SolutionConfigurationPlatforms) = preSolution
		Debug|Any CPU = Debug|Any CPU
		Release|Any CPU = Release|Any CPU
	EndGlobalSection
	GlobalSection(ProjectConfigurationPlatforms) = postSolution
		{5CAC49FC-D39C-4D55-8F41-138B9089775C}.Debug|Any CPU.ActiveCfg = Debug|Any CPU
		{5CAC49FC-D39C-4D55-8F41-138B9089775C}.Debug|Any CPU.Build.0 = Debug|Any CPU
		{5CAC49FC-D39C-4D55-8F41-138B9089775C}.Release|Any CPU.ActiveCfg = Release|Any CPU
		{5CAC49FC-D39C-4D55-8F41-138B9089775C}.Release|Any CPU.Build.0 = Release|Any CPU
	EndGlobalSection
	GlobalSection(SolutionProperties) = preSolution
		HideSolutionNode = FALSE
	EndGlobalSection
	GlobalSection(ExtensibilityGlobals) = postSolution
		SolutionGuid = {FBCAD52A-5E07-4BAA-A9E0-98FD6F68009A}
	EndGlobalSection
EndGlobal
